
Microsoft Visual Studio Solution File, Format Version 12.00
# Visual Studio Version 17
VisualStudioVersion = 17.4.33205.214
MinimumVisualStudioVersion = 10.0.40219.1
Project("{FAE04EC0-301F-11D3-BF4B-00C04F79EFBC}") = "111WindowsFormsApp1", "111WindowsFormsApp1\111WindowsFormsApp1.csproj", "{B6975121-56AA-4FB1-AB1D-051A4A33A297}"
EndProject
Global
	GlobalSection(SolutionConfigurationPlatforms) = preSolution
		Debug|Any CPU = Debug|Any CPU
		Release|Any CPU = Release|Any CPU
	EndGlobalSection
	GlobalSection(ProjectConfigurationPlatforms) = postSolution
		{B6975121-56AA-4FB1-AB1D-051A4A33A297}.Debug|Any CPU.ActiveCfg = Debug|Any CPU
		{B6975121-56AA-4FB1-AB1D-051A4A33A297}.Debug|Any CPU.Build.0 = Debug|Any CPU
		{B6975121-56AA-4FB1-AB1D-051A4A33A297}.Release|Any CPU.ActiveCfg = Release|Any CPU
		{B6975121-56AA-4FB1-AB1D-051A4A33A297}.Release|Any CPU.Build.0 = Release|Any CPU
	EndGlobalSection
	GlobalSection(SolutionProperties) = preSolution
		HideSolutionNode = FALSE
	EndGlobalSection
	GlobalSection(ExtensibilityGlobals) = postSolution
		SolutionGuid = {B1A3C63D-9577-4B95-ACC0-07BD7E6270FE}
	EndGlobalSection
EndGlobal
